
Microsoft Visual Studio Solution File, Format Version 12.00
# Visual Studio 2013
VisualStudioVersion = 12.0.21005.1
MinimumVisualStudioVersion = 10.0.40219.1
Project("{FAE04EC0-301F-11D3-BF4B-00C04F79EFBC}") = "Visual Novel Editor", "Visual Novel Editor\Visual Novel Editor.csproj", "{5D980CC8-49B4-480A-AB9F-2B655187CA1A}"
EndProject
Project("{FAE04EC0-301F-11D3-BF4B-00C04F79EFBC}") = "Visual Novel Runtime", "Visual Novel Runtime\Visual Novel Runtime.csproj", "{E498ED3C-E041-45AF-9ECA-8016DDFB4839}"
EndProject
Project("{FAE04EC0-301F-11D3-BF4B-00C04F79EFBC}") = "Visual Novel Utilities", "Visual Novel Utilities\Visual Novel Utilities.csproj", "{595C4114-F7E6-4661-AB52-317E8B625FB7}"
EndProject
Global
	GlobalSection(SolutionConfigurationPlatforms) = preSolution
		Debug|Any CPU = Debug|Any CPU
		Debug|ARM = Debug|ARM
		Debug|x64 = Debug|x64
		Debug|x86 = Debug|x86
		Release|Any CPU = Release|Any CPU
		Release|ARM = Release|ARM
		Release|x64 = Release|x64
		Release|x86 = Release|x86
	EndGlobalSection
	GlobalSection(ProjectConfigurationPlatforms) = postSolution
		{5D980CC8-49B4-480A-AB9F-2B655187CA1A}.Debug|Any CPU.ActiveCfg = Debug|Any CPU
		{5D980CC8-49B4-480A-AB9F-2B655187CA1A}.Debug|Any CPU.Build.0 = Debug|Any CPU
		{5D980CC8-49B4-480A-AB9F-2B655187CA1A}.Debug|Any CPU.Deploy.0 = Debug|Any CPU
		{5D980CC8-49B4-480A-AB9F-2B655187CA1A}.Debug|ARM.ActiveCfg = Debug|ARM
		{5D980CC8-49B4-480A-AB9F-2B655187CA1A}.Debug|ARM.Build.0 = Debug|ARM
		{5D980CC8-49B4-480A-AB9F-2B655187CA1A}.Debug|ARM.Deploy.0 = Debug|ARM
		{5D980CC8-49B4-480A-AB9F-2B655187CA1A}.Debug|x64.ActiveCfg = Debug|x64
		{5D980CC8-49B4-480A-AB9F-2B655187CA1A}.Debug|x64.Build.0 = Debug|x64
		{5D980CC8-49B4-480A-AB9F-2B655187CA1A}.Debug|x64.Deploy.0 = Debug|x64
		{5D980CC8-49B4-480A-AB9F-2B655187CA1A}.Debug|x86.ActiveCfg = Debug|x86
		{5D980CC8-49B4-480A-AB9F-2B655187CA1A}.Debug|x86.Build.0 = Debug|x86
		{5D980CC8-49B4-480A-AB9F-2B655187CA1A}.Debug|x86.Deploy.0 = Debug|x86
		{5D980CC8-49B4-480A-AB9F-2B655187CA1A}.Release|Any CPU.ActiveCfg = Release|Any CPU
		{5D980CC8-49B4-480A-AB9F-2B655187CA1A}.Release|Any CPU.Build.0 = Release|Any CPU
		{5D980CC8-49B4-480A-AB9F-2B655187CA1A}.Release|Any CPU.Deploy.0 = Release|Any CPU
		{5D980CC8-49B4-480A-AB9F-2B655187CA1A}.Release|ARM.ActiveCfg = Release|ARM
		{5D980CC8-49B4-480A-AB9F-2B655187CA1A}.Release|ARM.Build.0 = Release|ARM
		{5D980CC8-49B4-480A-AB9F-2B655187CA1A}.Release|ARM.Deploy.0 = Release|ARM
		{5D980CC8-49B4-480A-AB9F-2B655187CA1A}.Release|x64.ActiveCfg = Release|x64
		{5D980CC8-49B4-480A-AB9F-2B655187CA1A}.Release|x64.Build.0 = Release|x64
		{5D980CC8-49B4-480A-AB9F-2B655187CA1A}.Release|x64.Deploy.0 = Release|x64
		{5D980CC8-49B4-480A-AB9F-2B655187CA1A}.Release|x86.ActiveCfg = Release|x86
		{5D980CC8-49B4-480A-AB9F-2B655187CA1A}.Release|x86.Build.0 = Release|x86
		{5D980CC8-49B4-480A-AB9F-2B655187CA1A}.Release|x86.Deploy.0 = Release|x86
		{E498ED3C-E041-45AF-9ECA-8016DDFB4839}.Debug|Any CPU.ActiveCfg = Debug|Any CPU
		{E498ED3C-E041-45AF-9ECA-8016DDFB4839}.Debug|Any CPU.Build.0 = Debug|Any CPU
		{E498ED3C-E041-45AF-9ECA-8016DDFB4839}.Debug|Any CPU.Deploy.0 = Debug|Any CPU
		{E498ED3C-E041-45AF-9ECA-8016DDFB4839}.Debug|ARM.ActiveCfg = Debug|ARM
		{E498ED3C-E041-45AF-9ECA-8016DDFB4839}.Debug|ARM.Build.0 = Debug|ARM
		{E498ED3C-E041-45AF-9ECA-8016DDFB4839}.Debug|ARM.Deploy.0 = Debug|ARM
		{E498ED3C-E041-45AF-9ECA-8016DDFB4839}.Debug|x64.ActiveCfg = Debug|x64
		{E498ED3C-E041-45AF-9ECA-8016DDFB4839}.Debug|x64.Build.0 = Debug|x64
		{E498ED3C-E041-45AF-9ECA-8016DDFB4839}.Debug|x64.Deploy.0 = Debug|x64
		{E498ED3C-E041-45AF-9ECA-8016DDFB4839}.Debug|x86.ActiveCfg = Debug|x86
		{E498ED3C-E041-45AF-9ECA-8016DDFB4839}.Debug|x86.Build.0 = Debug|x86
		{E498ED3C-E041-45AF-9ECA-8016DDFB4839}.Debug|x86.Deploy.0 = Debug|x86
		{E498ED3C-E041-45AF-9ECA-8016DDFB4839}.Release|Any CPU.ActiveCfg = Release|Any CPU
		{E498ED3C-E041-45AF-9ECA-8016DDFB4839}.Release|Any CPU.Build.0 = Release|Any CPU
		{E498ED3C-E041-45AF-9ECA-8016DDFB4839}.Release|Any CPU.Deploy.0 = Release|Any CPU
		{E498ED3C-E041-45AF-9ECA-8016DDFB4839}.Release|ARM.ActiveCfg = Release|ARM
		{E498ED3C-E041-45AF-9ECA-8016DDFB4839}.Release|ARM.Build.0 = Release|ARM
		{E498ED3C-E041-45AF-9ECA-8016DDFB4839}.Release|ARM.Deploy.0 = Release|ARM
		{E498ED3C-E041-45AF-9ECA-8016DDFB4839}.Release|x64.ActiveCfg = Release|x64
		{E498ED3C-E041-45AF-9ECA-8016DDFB4839}.Release|x64.Build.0 = Release|x64
		{E498ED3C-E041-45AF-9ECA-8016DDFB4839}.Release|x64.Deploy.0 = Release|x64
		{E498ED3C-E041-45AF-9ECA-8016DDFB4839}.Release|x86.ActiveCfg = Release|x86
		{E498ED3C-E041-45AF-9ECA-8016DDFB4839}.Release|x86.Build.0 = Release|x86
		{E498ED3C-E041-45AF-9ECA-8016DDFB4839}.Release|x86.Deploy.0 = Release|x86
		{595C4114-F7E6-4661-AB52-317E8B625FB7}.Debug|Any CPU.ActiveCfg = Debug|Any CPU
		{595C4114-F7E6-4661-AB52-317E8B625FB7}.Debug|Any CPU.Build.0 = Debug|Any CPU
		{595C4114-F7E6-4661-AB52-317E8B625FB7}.Debug|ARM.ActiveCfg = Debug|ARM
		{595C4114-F7E6-4661-AB52-317E8B625FB7}.Debug|ARM.Build.0 = Debug|ARM
		{595C4114-F7E6-4661-AB52-317E8B625FB7}.Debug|x64.ActiveCfg = Debug|x64
		{595C4114-F7E6-4661-AB52-317E8B625FB7}.Debug|x64.Build.0 = Debug|x64
		{595C4114-F7E6-4661-AB52-317E8B625FB7}.Debug|x86.ActiveCfg = Debug|x86
		{595C4114-F7E6-4661-AB52-317E8B625FB7}.Debug|x86.Build.0 = Debug|x86
		{595C4114-F7E6-4661-AB52-317E8B625FB7}.Release|Any CPU.ActiveCfg = Release|Any CPU
		{595C4114-F7E6-4661-AB52-317E8B625FB7}.Release|Any CPU.Build.0 = Release|Any CPU
		{595C4114-F7E6-4661-AB52-317E8B625FB7}.Release|ARM.ActiveCfg = Release|ARM
		{595C4114-F7E6-4661-AB52-317E8B625FB7}.Release|ARM.Build.0 = Release|ARM
		{595C4114-F7E6-4661-AB52-317E8B625FB7}.Release|x64.ActiveCfg = Release|x64
		{595C4114-F7E6-4661-AB52-317E8B625FB7}.Release|x64.Build.0 = Release|x64
		{595C4114-F7E6-4661-AB52-317E8B625FB7}.Release|x86.ActiveCfg = Release|x86
		{595C4114-F7E6-4661-AB52-317E8B625FB7}.Release|x86.Build.0 = Release|x86
	EndGlobalSection
	GlobalSection(SolutionProperties) = preSolution
		HideSolutionNode = FALSE
	EndGlobalSection
EndGlobal
